{
  "name": "playwright",
  "version": "1.0.0",
  "lockfileVersion": 3,
  "requires": true,
  "packages": {
    "": {
      "name": "playwright",
      "version": "1.0.0",
      "license": "ISC",
      "devDependencies": {
        "@playwright/test": "^1.51.0",
        "@types/chrome": "^0.0.309",
        "@types/node": "^22.13.10"
      }
    },
    "node_modules/@playwright/test": {
      "version": "1.51.0",
      "resolved": "https://registry.npmjs.org/@playwright/test/-/test-1.51.0.tgz",
      "integrity": "sha512-dJ0dMbZeHhI+wb77+ljx/FeC8VBP6j/rj9OAojO08JI80wTZy6vRk9KvHKiDCUh4iMpEiseMgqRBIeW+eKX6RA==",
      "dev": true,
      "license": "Apache-2.0",
      "dependencies": {
        "playwright": "1.51.0"
      },
      "bin": {
        "playwright": "cli.js"
      },
      "engines": {
        "node": ">=18"
      }
    },
    "node_modules/@types/chrome": {
      "version": "0.0.309",
      "resolved": "https://registry.npmjs.org/@types/chrome/-/chrome-0.0.309.tgz",
      "integrity": "sha512-ZFADzcp8b+roUrux68U8pti4cmNOLJXWkShk8lfxj9SBcjYqpJt7NypBprSJUJDJVakGZgd2Tt00QePIGh7oPA==",
      "dev": true,
      "license": "MIT",
      "dependencies": {
        "@types/filesystem": "*",
        "@types/har-format": "*"
      }
    },
    "node_modules/@types/filesystem": {
      "version": "0.0.36",
      "resolved": "https://registry.npmjs.org/@types/filesystem/-/filesystem-0.0.36.tgz",
      "integrity": "sha512-vPDXOZuannb9FZdxgHnqSwAG/jvdGM8Wq+6N4D/d80z+D4HWH+bItqsZaVRQykAn6WEVeEkLm2oQigyHtgb0RA==",
      "dev": true,
      "license": "MIT",
      "dependencies": {
        "@types/filewriter": "*"
      }
    },
    "node_modules/@types/filewriter": {
      "version": "0.0.33",
      "resolved": "https://registry.npmjs.org/@types/filewriter/-/filewriter-0.0.33.tgz",
      "integrity": "sha512-xFU8ZXTw4gd358lb2jw25nxY9QAgqn2+bKKjKOYfNCzN4DKCFetK7sPtrlpg66Ywe3vWY9FNxprZawAh9wfJ3g==",
      "dev": true,
      "license": "MIT"
    },
    "node_modules/@types/har-format": {
      "version": "1.2.16",
      "resolved": "https://registry.npmjs.org/@types/har-format/-/har-format-1.2.16.tgz",
      "integrity": "sha512-fluxdy7ryD3MV6h8pTfTYpy/xQzCFC7m89nOH9y94cNqJ1mDIDPut7MnRHI3F6qRmh/cT2fUjG1MLdCNb4hE9A==",
      "dev": true,
      "license": "MIT"
    },
    "node_modules/@types/node": {
      "version": "22.13.10",
      "resolved": "https://registry.npmjs.org/@types/node/-/node-22.13.10.tgz",
      "integrity": "sha512-I6LPUvlRH+O6VRUqYOcMudhaIdUVWfsjnZavnsraHvpBwaEyMN29ry+0UVJhImYL16xsscu0aske3yA+uPOWfw==",
      "dev": true,
      "license": "MIT",
      "dependencies": {
        "undici-types": "~6.20.0"
      }
    },
    "node_modules/fsevents": {
      "version": "2.3.2",
      "resolved": "https://registry.npmjs.org/fsevents/-/fsevents-2.3.2.tgz",
      "integrity": "sha512-xiqMQR4xAeHTuB9uWm+fFRcIOgKBMiOBP+eXiyT7jsgVCq1bkVygt00oASowB7EdtpOHaaPgKt812P9ab+DDKA==",
      "dev": true,
      "hasInstallScript": true,
      "license": "MIT",
      "optional": true,
      "os": [
        "darwin"
      ],
      "engines": {
        "node": "^8.16.0 || ^10.6.0 || >=11.0.0"
      }
    },
    "node_modules/playwright": {
      "version": "1.51.0",
      "resolved": "https://registry.npmjs.org/playwright/-/playwright-1.51.0.tgz",
      "integrity": "sha512-442pTfGM0xxfCYxuBa/Pu6B2OqxqqaYq39JS8QDMGThUvIOCd6s0ANDog3uwA0cHavVlnTQzGCN7Id2YekDSXA==",
      "dev": true,
      "license": "Apache-2.0",
      "dependencies": {
        "playwright-core": "1.51.0"
      },
      "bin": {
        "playwright": "cli.js"
      },
      "engines": {
        "node": ">=18"
      },
      "optionalDependencies": {
        "fsevents": "2.3.2"
      }
    },
    "node_modules/playwright-core": {
      "version": "1.51.0",
      "resolved": "https://registry.npmjs.org/playwright-core/-/playwright-core-1.51.0.tgz",
      "integrity": "sha512-x47yPE3Zwhlil7wlNU/iktF7t2r/URR3VLbH6EknJd/04Qc/PSJ0EY3CMXipmglLG+zyRxW6HNo2EGbKLHPWMg==",
      "dev": true,
      "license": "Apache-2.0",
      "bin": {
        "playwright-core": "cli.js"
      },
      "engines": {
        "node": ">=18"
      }
    },
    "node_modules/undici-types": {
      "version": "6.20.0",
      "resolved": "https://registry.npmjs.org/undici-types/-/undici-types-6.20.0.tgz",
      "integrity": "sha512-Ny6QZ2Nju20vw1SRHe3d9jVu6gJ+4e3+MMpqu7pqE5HT6WsTSlce++GQmK5UXS8mzV8DSYHrQH+Xrf2jVcuKNg==",
      "dev": true,
      "license": "MIT"
    }
  }
}
